dependencies:
- name: rabbitmq
  repository: https://kubernetes-charts.storage.googleapis.com
  version: 5.5.0
- name: postgresql
  repository: https://kubernetes-charts.storage.googleapis.com
  version: 3.18.3
- name: redis
  repository: https://kubernetes-charts.storage.googleapis.com
  version: 7.0.0
- name: gateway
  repository: file://../services/gateway/chart
  version: 1.0.0
- name: auth-service
  repository: file://../services/auth-service/chart
  version: 1.0.0
- name: cart-service
  repository: file://../services/cart-service/chart
  version: 1.0.0
- name: deposit-service
  repository: file://../services/deposit-service/chart
  version: 1.0.0
- name: order-service
  repository: file://../services/order-service/chart
  version: 1.0.0
digest: sha256:8b6c7b7a91e88ec70ee3fdfbf3d585b5018b7393470b5549bd96d9145f4ead4e
generated: 2019-05-04T11:31:41.406242882-07:00
